
Microsoft Visual Studio Solution File, Format Version 12.00
# Visual Studio Version 17
VisualStudioVersion = 17.1.32407.343
MinimumVisualStudioVersion = 10.0.40219.1
Project("{FAE04EC0-301F-11D3-BF4B-00C04F79EFBC}") = "EjercicioC01 (herencia deportiva)", "EjercicioC01 (herencia deportiva)\EjercicioC01 (herencia deportiva).csproj", "{36634515-C500-4070-93AC-0A69D0C99907}"
EndProject
Project("{FAE04EC0-301F-11D3-BF4B-00C04F79EFBC}") = "Biblioteca", "Biblioteca\Biblioteca.csproj", "{1B19C4B3-2651-4216-BF07-D9D99D1C0EF3}"
EndProject
Global
	GlobalSection(SolutionConfigurationPlatforms) = preSolution
		Debug|Any CPU = Debug|Any CPU
		Release|Any CPU = Release|Any CPU
	EndGlobalSection
	GlobalSection(ProjectConfigurationPlatforms) = postSolution
		{36634515-C500-4070-93AC-0A69D0C99907}.Debug|Any CPU.ActiveCfg = Debug|Any CPU
		{36634515-C500-4070-93AC-0A69D0C99907}.Debug|Any CPU.Build.0 = Debug|Any CPU
		{36634515-C500-4070-93AC-0A69D0C99907}.Release|Any CPU.ActiveCfg = Release|Any CPU
		{36634515-C500-4070-93AC-0A69D0C99907}.Release|Any CPU.Build.0 = Release|Any CPU
		{1B19C4B3-2651-4216-BF07-D9D99D1C0EF3}.Debug|Any CPU.ActiveCfg = Debug|Any CPU
		{1B19C4B3-2651-4216-BF07-D9D99D1C0EF3}.Debug|Any CPU.Build.0 = Debug|Any CPU
		{1B19C4B3-2651-4216-BF07-D9D99D1C0EF3}.Release|Any CPU.ActiveCfg = Release|Any CPU
		{1B19C4B3-2651-4216-BF07-D9D99D1C0EF3}.Release|Any CPU.Build.0 = Release|Any CPU
	EndGlobalSection
	GlobalSection(SolutionProperties) = preSolution
		HideSolutionNode = FALSE
	EndGlobalSection
	GlobalSection(ExtensibilityGlobals) = postSolution
		SolutionGuid = {464DC1BF-F2A0-4CDD-B763-8C17340BC144}
	EndGlobalSection
EndGlobal
