
Microsoft Visual Studio Solution File, Format Version 12.00
# Visual Studio Version 17
VisualStudioVersion = 17.1.32407.343
MinimumVisualStudioVersion = 10.0.40219.1
Project("{FAE04EC0-301F-11D3-BF4B-00C04F79EFBC}") = "Ejercicio2(CalculadoraFormas)", "Ejercicio2(CalculadoraFormas)\Ejercicio2(CalculadoraFormas).csproj", "{3A982F4C-A5F8-4224-BF94-A2DE7948E3C0}"
EndProject
Project("{FAE04EC0-301F-11D3-BF4B-00C04F79EFBC}") = "Biblioteca", "Biblioteca\Biblioteca.csproj", "{561B030B-D9F7-4529-9D90-1F372F5B1F97}"
EndProject
Global
	GlobalSection(SolutionConfigurationPlatforms) = preSolution
		Debug|Any CPU = Debug|Any CPU
		Release|Any CPU = Release|Any CPU
	EndGlobalSection
	GlobalSection(ProjectConfigurationPlatforms) = postSolution
		{3A982F4C-A5F8-4224-BF94-A2DE7948E3C0}.Debug|Any CPU.ActiveCfg = Debug|Any CPU
		{3A982F4C-A5F8-4224-BF94-A2DE7948E3C0}.Debug|Any CPU.Build.0 = Debug|Any CPU
		{3A982F4C-A5F8-4224-BF94-A2DE7948E3C0}.Release|Any CPU.ActiveCfg = Release|Any CPU
		{3A982F4C-A5F8-4224-BF94-A2DE7948E3C0}.Release|Any CPU.Build.0 = Release|Any CPU
		{561B030B-D9F7-4529-9D90-1F372F5B1F97}.Debug|Any CPU.ActiveCfg = Debug|Any CPU
		{561B030B-D9F7-4529-9D90-1F372F5B1F97}.Debug|Any CPU.Build.0 = Debug|Any CPU
		{561B030B-D9F7-4529-9D90-1F372F5B1F97}.Release|Any CPU.ActiveCfg = Release|Any CPU
		{561B030B-D9F7-4529-9D90-1F372F5B1F97}.Release|Any CPU.Build.0 = Release|Any CPU
	EndGlobalSection
	GlobalSection(SolutionProperties) = preSolution
		HideSolutionNode = FALSE
	EndGlobalSection
	GlobalSection(ExtensibilityGlobals) = postSolution
		SolutionGuid = {7270BE92-6801-4F14-B5DA-DC2EE1BDFC31}
	EndGlobalSection
EndGlobal
