
Microsoft Visual Studio Solution File, Format Version 12.00
# Visual Studio Version 16
VisualStudioVersion = 16.0.810.21
MinimumVisualStudioVersion = 10.0.40219.1
Project("{FAE04EC0-301F-11D3-BF4B-00C04F79EFBC}") = "ejericioA01", "ejericioA01.csproj", "{9B6E45CE-F085-4613-BF9D-DB445CC74313}"
EndProject
Global
	GlobalSection(SolutionConfigurationPlatforms) = preSolution
		Debug|Any CPU = Debug|Any CPU
		Release|Any CPU = Release|Any CPU
	EndGlobalSection
	GlobalSection(ProjectConfigurationPlatforms) = postSolution
		{9B6E45CE-F085-4613-BF9D-DB445CC74313}.Debug|Any CPU.ActiveCfg = Debug|Any CPU
		{9B6E45CE-F085-4613-BF9D-DB445CC74313}.Debug|Any CPU.Build.0 = Debug|Any CPU
		{9B6E45CE-F085-4613-BF9D-DB445CC74313}.Release|Any CPU.ActiveCfg = Release|Any CPU
		{9B6E45CE-F085-4613-BF9D-DB445CC74313}.Release|Any CPU.Build.0 = Release|Any CPU
	EndGlobalSection
	GlobalSection(SolutionProperties) = preSolution
		HideSolutionNode = FALSE
	EndGlobalSection
	GlobalSection(ExtensibilityGlobals) = postSolution
		SolutionGuid = {74A03298-8546-4426-941E-9B96692DE5B2}
	EndGlobalSection
EndGlobal
