
Microsoft Visual Studio Solution File, Format Version 12.00
# Visual Studio Version 17
VisualStudioVersion = 17.1.32407.343
MinimumVisualStudioVersion = 10.0.40219.1
Project("{FAE04EC0-301F-11D3-BF4B-00C04F79EFBC}") = "EjercicioC02 (go speed racer go)", "EjercicioC02 (go speed racer go)\EjercicioC02 (go speed racer go).csproj", "{8DDF9B32-F6FD-466D-AA24-B8B0F4C71886}"
EndProject
Project("{FAE04EC0-301F-11D3-BF4B-00C04F79EFBC}") = "Biblioteca", "Biblioteca\Biblioteca.csproj", "{C19A5208-B4C4-437B-8AFC-0B78B6D4627E}"
EndProject
Global
	GlobalSection(SolutionConfigurationPlatforms) = preSolution
		Debug|Any CPU = Debug|Any CPU
		Release|Any CPU = Release|Any CPU
	EndGlobalSection
	GlobalSection(ProjectConfigurationPlatforms) = postSolution
		{8DDF9B32-F6FD-466D-AA24-B8B0F4C71886}.Debug|Any CPU.ActiveCfg = Debug|Any CPU
		{8DDF9B32-F6FD-466D-AA24-B8B0F4C71886}.Debug|Any CPU.Build.0 = Debug|Any CPU
		{8DDF9B32-F6FD-466D-AA24-B8B0F4C71886}.Release|Any CPU.ActiveCfg = Release|Any CPU
		{8DDF9B32-F6FD-466D-AA24-B8B0F4C71886}.Release|Any CPU.Build.0 = Release|Any CPU
		{C19A5208-B4C4-437B-8AFC-0B78B6D4627E}.Debug|Any CPU.ActiveCfg = Debug|Any CPU
		{C19A5208-B4C4-437B-8AFC-0B78B6D4627E}.Debug|Any CPU.Build.0 = Debug|Any CPU
		{C19A5208-B4C4-437B-8AFC-0B78B6D4627E}.Release|Any CPU.ActiveCfg = Release|Any CPU
		{C19A5208-B4C4-437B-8AFC-0B78B6D4627E}.Release|Any CPU.Build.0 = Release|Any CPU
	EndGlobalSection
	GlobalSection(SolutionProperties) = preSolution
		HideSolutionNode = FALSE
	EndGlobalSection
	GlobalSection(ExtensibilityGlobals) = postSolution
		SolutionGuid = {6B898CA1-B558-43F0-B4D3-8EEB856A16F4}
	EndGlobalSection
EndGlobal
