
Microsoft Visual Studio Solution File, Format Version 12.00
# Visual Studio Version 17
VisualStudioVersion = 17.2.32526.322
MinimumVisualStudioVersion = 10.0.40219.1
Project("{FAE04EC0-301F-11D3-BF4B-00C04F79EFBC}") = "Segui practicando C02", "Segui practicando C02\Segui practicando C02.csproj", "{EABD5369-7AD9-4AD4-96F9-44CD011BA07C}"
EndProject
Project("{9A19103F-16F7-4668-BE54-9A1E7A4F7556}") = "Biblioteca", "Biblioteca\Biblioteca.csproj", "{D7890AB6-42DA-48CF-90DA-4E09B35D6722}"
EndProject
Global
	GlobalSection(SolutionConfigurationPlatforms) = preSolution
		Debug|Any CPU = Debug|Any CPU
		Release|Any CPU = Release|Any CPU
	EndGlobalSection
	GlobalSection(ProjectConfigurationPlatforms) = postSolution
		{EABD5369-7AD9-4AD4-96F9-44CD011BA07C}.Debug|Any CPU.ActiveCfg = Debug|Any CPU
		{EABD5369-7AD9-4AD4-96F9-44CD011BA07C}.Debug|Any CPU.Build.0 = Debug|Any CPU
		{EABD5369-7AD9-4AD4-96F9-44CD011BA07C}.Release|Any CPU.ActiveCfg = Release|Any CPU
		{EABD5369-7AD9-4AD4-96F9-44CD011BA07C}.Release|Any CPU.Build.0 = Release|Any CPU
		{D7890AB6-42DA-48CF-90DA-4E09B35D6722}.Debug|Any CPU.ActiveCfg = Debug|Any CPU
		{D7890AB6-42DA-48CF-90DA-4E09B35D6722}.Debug|Any CPU.Build.0 = Debug|Any CPU
		{D7890AB6-42DA-48CF-90DA-4E09B35D6722}.Release|Any CPU.ActiveCfg = Release|Any CPU
		{D7890AB6-42DA-48CF-90DA-4E09B35D6722}.Release|Any CPU.Build.0 = Release|Any CPU
	EndGlobalSection
	GlobalSection(SolutionProperties) = preSolution
		HideSolutionNode = FALSE
	EndGlobalSection
	GlobalSection(ExtensibilityGlobals) = postSolution
		SolutionGuid = {636AEE64-2E43-41B5-A387-6B935B0676BC}
	EndGlobalSection
EndGlobal
