
Microsoft Visual Studio Solution File, Format Version 12.00
# Visual Studio Version 16
VisualStudioVersion = 16.0.810.21
MinimumVisualStudioVersion = 10.0.40219.1
Project("{FAE04EC0-301F-11D3-BF4B-00C04F79EFBC}") = "ejercicio4", "ejercicio4.csproj", "{5409EF9E-C571-4046-A07F-211D211A4A26}"
EndProject
Global
	GlobalSection(SolutionConfigurationPlatforms) = preSolution
		Debug|Any CPU = Debug|Any CPU
		Release|Any CPU = Release|Any CPU
	EndGlobalSection
	GlobalSection(ProjectConfigurationPlatforms) = postSolution
		{5409EF9E-C571-4046-A07F-211D211A4A26}.Debug|Any CPU.ActiveCfg = Debug|Any CPU
		{5409EF9E-C571-4046-A07F-211D211A4A26}.Debug|Any CPU.Build.0 = Debug|Any CPU
		{5409EF9E-C571-4046-A07F-211D211A4A26}.Release|Any CPU.ActiveCfg = Release|Any CPU
		{5409EF9E-C571-4046-A07F-211D211A4A26}.Release|Any CPU.Build.0 = Release|Any CPU
	EndGlobalSection
	GlobalSection(SolutionProperties) = preSolution
		HideSolutionNode = FALSE
	EndGlobalSection
	GlobalSection(ExtensibilityGlobals) = postSolution
		SolutionGuid = {914F5ECA-A6EB-4413-9FD9-C6DA2BFB4699}
	EndGlobalSection
EndGlobal
