
Microsoft Visual Studio Solution File, Format Version 12.00
# Visual Studio Version 16
VisualStudioVersion = 16.0.810.22
MinimumVisualStudioVersion = 10.0.40219.1
Project("{FAE04EC0-301F-11D3-BF4B-00C04F79EFBC}") = "ejercicio1", "ejercicio1.csproj", "{89AE4C35-3016-437D-A960-0924A0ECB793}"
EndProject
Project("{FAE04EC0-301F-11D3-BF4B-00C04F79EFBC}") = "Biblioteca", "Biblioteca\Biblioteca.csproj", "{6DD4A01B-92AC-47AA-B07D-C66CBD2B83A6}"
EndProject
Global
	GlobalSection(SolutionConfigurationPlatforms) = preSolution
		Debug|Any CPU = Debug|Any CPU
		Release|Any CPU = Release|Any CPU
	EndGlobalSection
	GlobalSection(ProjectConfigurationPlatforms) = postSolution
		{89AE4C35-3016-437D-A960-0924A0ECB793}.Debug|Any CPU.ActiveCfg = Debug|Any CPU
		{89AE4C35-3016-437D-A960-0924A0ECB793}.Debug|Any CPU.Build.0 = Debug|Any CPU
		{89AE4C35-3016-437D-A960-0924A0ECB793}.Release|Any CPU.ActiveCfg = Release|Any CPU
		{89AE4C35-3016-437D-A960-0924A0ECB793}.Release|Any CPU.Build.0 = Release|Any CPU
		{6DD4A01B-92AC-47AA-B07D-C66CBD2B83A6}.Debug|Any CPU.ActiveCfg = Debug|Any CPU
		{6DD4A01B-92AC-47AA-B07D-C66CBD2B83A6}.Debug|Any CPU.Build.0 = Debug|Any CPU
		{6DD4A01B-92AC-47AA-B07D-C66CBD2B83A6}.Release|Any CPU.ActiveCfg = Release|Any CPU
		{6DD4A01B-92AC-47AA-B07D-C66CBD2B83A6}.Release|Any CPU.Build.0 = Release|Any CPU
	EndGlobalSection
	GlobalSection(SolutionProperties) = preSolution
		HideSolutionNode = FALSE
	EndGlobalSection
	GlobalSection(ExtensibilityGlobals) = postSolution
		SolutionGuid = {46C76107-8AB2-4D2C-BB8B-D0732431F829}
	EndGlobalSection
EndGlobal
