
Microsoft Visual Studio Solution File, Format Version 12.00
# Visual Studio Version 17
VisualStudioVersion = 17.1.32407.343
MinimumVisualStudioVersion = 10.0.40219.1
Project("{FAE04EC0-301F-11D3-BF4B-00C04F79EFBC}") = "ModeloVivo1", "ModeloVivo1\ModeloVivo1.csproj", "{5D3CD760-3314-473A-9F70-A41B4FFD4882}"
EndProject
Project("{FAE04EC0-301F-11D3-BF4B-00C04F79EFBC}") = "Biblioteca", "Biblioteca\Biblioteca.csproj", "{C5AF6BE2-A84E-477A-B75D-487FCE6A8B96}"
EndProject
Global
	GlobalSection(SolutionConfigurationPlatforms) = preSolution
		Debug|Any CPU = Debug|Any CPU
		Release|Any CPU = Release|Any CPU
	EndGlobalSection
	GlobalSection(ProjectConfigurationPlatforms) = postSolution
		{5D3CD760-3314-473A-9F70-A41B4FFD4882}.Debug|Any CPU.ActiveCfg = Debug|Any CPU
		{5D3CD760-3314-473A-9F70-A41B4FFD4882}.Debug|Any CPU.Build.0 = Debug|Any CPU
		{5D3CD760-3314-473A-9F70-A41B4FFD4882}.Release|Any CPU.ActiveCfg = Release|Any CPU
		{5D3CD760-3314-473A-9F70-A41B4FFD4882}.Release|Any CPU.Build.0 = Release|Any CPU
		{C5AF6BE2-A84E-477A-B75D-487FCE6A8B96}.Debug|Any CPU.ActiveCfg = Debug|Any CPU
		{C5AF6BE2-A84E-477A-B75D-487FCE6A8B96}.Debug|Any CPU.Build.0 = Debug|Any CPU
		{C5AF6BE2-A84E-477A-B75D-487FCE6A8B96}.Release|Any CPU.ActiveCfg = Release|Any CPU
		{C5AF6BE2-A84E-477A-B75D-487FCE6A8B96}.Release|Any CPU.Build.0 = Release|Any CPU
	EndGlobalSection
	GlobalSection(SolutionProperties) = preSolution
		HideSolutionNode = FALSE
	EndGlobalSection
	GlobalSection(ExtensibilityGlobals) = postSolution
		SolutionGuid = {2F5630FA-A3D7-4DA9-9370-6DA1F8F66BF0}
	EndGlobalSection
EndGlobal
