
Microsoft Visual Studio Solution File, Format Version 12.00
# Visual Studio Version 17
VisualStudioVersion = 17.2.32526.322
MinimumVisualStudioVersion = 10.0.40219.1
Project("{FAE04EC0-301F-11D3-BF4B-00C04F79EFBC}") = "Siempre quise tener un notepad ಥ‿ಥ I03", "Siempre quise tener un notepad ಥ‿ಥ I03\Siempre quise tener un notepad ಥ‿ಥ I03.csproj", "{600E3EF3-FE0D-448B-A5FF-C835CED1CEE7}"
EndProject
Global
	GlobalSection(SolutionConfigurationPlatforms) = preSolution
		Debug|Any CPU = Debug|Any CPU
		Release|Any CPU = Release|Any CPU
	EndGlobalSection
	GlobalSection(ProjectConfigurationPlatforms) = postSolution
		{600E3EF3-FE0D-448B-A5FF-C835CED1CEE7}.Debug|Any CPU.ActiveCfg = Debug|Any CPU
		{600E3EF3-FE0D-448B-A5FF-C835CED1CEE7}.Debug|Any CPU.Build.0 = Debug|Any CPU
		{600E3EF3-FE0D-448B-A5FF-C835CED1CEE7}.Release|Any CPU.ActiveCfg = Release|Any CPU
		{600E3EF3-FE0D-448B-A5FF-C835CED1CEE7}.Release|Any CPU.Build.0 = Release|Any CPU
	EndGlobalSection
	GlobalSection(SolutionProperties) = preSolution
		HideSolutionNode = FALSE
	EndGlobalSection
	GlobalSection(ExtensibilityGlobals) = postSolution
		SolutionGuid = {2A616D93-6400-4044-B475-D92C38515ED2}
	EndGlobalSection
EndGlobal
