
Microsoft Visual Studio Solution File, Format Version 12.00
# Visual Studio Version 17
VisualStudioVersion = 17.1.32407.343
MinimumVisualStudioVersion = 10.0.40219.1
Project("{FAE04EC0-301F-11D3-BF4B-00C04F79EFBC}") = "ModelopParcial1aUX", "ModelopParcial1aUX\ModelopParcial1aUX.csproj", "{7D86F2B9-820F-4D16-A4D1-81046746C1A1}"
EndProject
Project("{9A19103F-16F7-4668-BE54-9A1E7A4F7556}") = "Biblioteca", "Biblioteca\Biblioteca.csproj", "{9945F92C-CCDD-44A1-93C1-A14EC8783A1A}"
EndProject
Global
	GlobalSection(SolutionConfigurationPlatforms) = preSolution
		Debug|Any CPU = Debug|Any CPU
		Release|Any CPU = Release|Any CPU
	EndGlobalSection
	GlobalSection(ProjectConfigurationPlatforms) = postSolution
		{7D86F2B9-820F-4D16-A4D1-81046746C1A1}.Debug|Any CPU.ActiveCfg = Debug|Any CPU
		{7D86F2B9-820F-4D16-A4D1-81046746C1A1}.Debug|Any CPU.Build.0 = Debug|Any CPU
		{7D86F2B9-820F-4D16-A4D1-81046746C1A1}.Release|Any CPU.ActiveCfg = Release|Any CPU
		{7D86F2B9-820F-4D16-A4D1-81046746C1A1}.Release|Any CPU.Build.0 = Release|Any CPU
		{9945F92C-CCDD-44A1-93C1-A14EC8783A1A}.Debug|Any CPU.ActiveCfg = Debug|Any CPU
		{9945F92C-CCDD-44A1-93C1-A14EC8783A1A}.Debug|Any CPU.Build.0 = Debug|Any CPU
		{9945F92C-CCDD-44A1-93C1-A14EC8783A1A}.Release|Any CPU.ActiveCfg = Release|Any CPU
		{9945F92C-CCDD-44A1-93C1-A14EC8783A1A}.Release|Any CPU.Build.0 = Release|Any CPU
	EndGlobalSection
	GlobalSection(SolutionProperties) = preSolution
		HideSolutionNode = FALSE
	EndGlobalSection
	GlobalSection(ExtensibilityGlobals) = postSolution
		SolutionGuid = {194D8D96-3805-496A-B23A-7B36A89938DD}
	EndGlobalSection
EndGlobal
