
Microsoft Visual Studio Solution File, Format Version 12.00
# Visual Studio Version 17
VisualStudioVersion = 17.2.32526.322
MinimumVisualStudioVersion = 10.0.40219.1
Project("{FAE04EC0-301F-11D3-BF4B-00C04F79EFBC}") = "Cartuchera I01", "Cartuchera I01\Cartuchera I01.csproj", "{18975971-6718-4F1D-8B7A-A15338FC3A74}"
EndProject
Project("{FAE04EC0-301F-11D3-BF4B-00C04F79EFBC}") = "Biblioteca", "Biblioteca\Biblioteca.csproj", "{725D10D2-CFBA-49B9-BD34-DDFA6CAEE3FD}"
EndProject
Global
	GlobalSection(SolutionConfigurationPlatforms) = preSolution
		Debug|Any CPU = Debug|Any CPU
		Release|Any CPU = Release|Any CPU
	EndGlobalSection
	GlobalSection(ProjectConfigurationPlatforms) = postSolution
		{18975971-6718-4F1D-8B7A-A15338FC3A74}.Debug|Any CPU.ActiveCfg = Debug|Any CPU
		{18975971-6718-4F1D-8B7A-A15338FC3A74}.Debug|Any CPU.Build.0 = Debug|Any CPU
		{18975971-6718-4F1D-8B7A-A15338FC3A74}.Release|Any CPU.ActiveCfg = Release|Any CPU
		{18975971-6718-4F1D-8B7A-A15338FC3A74}.Release|Any CPU.Build.0 = Release|Any CPU
		{725D10D2-CFBA-49B9-BD34-DDFA6CAEE3FD}.Debug|Any CPU.ActiveCfg = Debug|Any CPU
		{725D10D2-CFBA-49B9-BD34-DDFA6CAEE3FD}.Debug|Any CPU.Build.0 = Debug|Any CPU
		{725D10D2-CFBA-49B9-BD34-DDFA6CAEE3FD}.Release|Any CPU.ActiveCfg = Release|Any CPU
		{725D10D2-CFBA-49B9-BD34-DDFA6CAEE3FD}.Release|Any CPU.Build.0 = Release|Any CPU
	EndGlobalSection
	GlobalSection(SolutionProperties) = preSolution
		HideSolutionNode = FALSE
	EndGlobalSection
	GlobalSection(ExtensibilityGlobals) = postSolution
		SolutionGuid = {51F50CA0-5878-448B-8844-F4FDE9FA10FF}
	EndGlobalSection
EndGlobal
