
Microsoft Visual Studio Solution File, Format Version 12.00
# Visual Studio Version 17
VisualStudioVersion = 17.1.32407.343
MinimumVisualStudioVersion = 10.0.40219.1
Project("{FAE04EC0-301F-11D3-BF4B-00C04F79EFBC}") = "TP1", "TP1\TP1.csproj", "{4D3CD349-DA75-4B46-A556-5DA208813684}"
EndProject
Project("{FAE04EC0-301F-11D3-BF4B-00C04F79EFBC}") = "Entidades", "Entidades\Entidades.csproj", "{0755EDEC-ABB0-4719-89D4-D160831C6977}"
EndProject
Global
	GlobalSection(SolutionConfigurationPlatforms) = preSolution
		Debug|Any CPU = Debug|Any CPU
		Release|Any CPU = Release|Any CPU
	EndGlobalSection
	GlobalSection(ProjectConfigurationPlatforms) = postSolution
		{4D3CD349-DA75-4B46-A556-5DA208813684}.Debug|Any CPU.ActiveCfg = Debug|Any CPU
		{4D3CD349-DA75-4B46-A556-5DA208813684}.Debug|Any CPU.Build.0 = Debug|Any CPU
		{4D3CD349-DA75-4B46-A556-5DA208813684}.Release|Any CPU.ActiveCfg = Release|Any CPU
		{4D3CD349-DA75-4B46-A556-5DA208813684}.Release|Any CPU.Build.0 = Release|Any CPU
		{0755EDEC-ABB0-4719-89D4-D160831C6977}.Debug|Any CPU.ActiveCfg = Debug|Any CPU
		{0755EDEC-ABB0-4719-89D4-D160831C6977}.Debug|Any CPU.Build.0 = Debug|Any CPU
		{0755EDEC-ABB0-4719-89D4-D160831C6977}.Release|Any CPU.ActiveCfg = Release|Any CPU
		{0755EDEC-ABB0-4719-89D4-D160831C6977}.Release|Any CPU.Build.0 = Release|Any CPU
	EndGlobalSection
	GlobalSection(SolutionProperties) = preSolution
		HideSolutionNode = FALSE
	EndGlobalSection
	GlobalSection(ExtensibilityGlobals) = postSolution
		SolutionGuid = {C04EBF94-7B9E-4240-9556-453C61C6E0E2}
	EndGlobalSection
EndGlobal
