
Microsoft Visual Studio Solution File, Format Version 12.00
# Visual Studio Version 16
VisualStudioVersion = 16.0.810.21
MinimumVisualStudioVersion = 10.0.40219.1
Project("{FAE04EC0-301F-11D3-BF4B-00C04F79EFBC}") = "ejercicio4", "ejercicio4.csproj", "{CCA328A0-0F55-402A-B5DB-9BFD9659C81B}"
EndProject
Project("{FAE04EC0-301F-11D3-BF4B-00C04F79EFBC}") = "Biblioteca", "Biblioteca\Biblioteca.csproj", "{0992D5CB-4FAB-4555-A977-BBD786368D26}"
EndProject
Global
	GlobalSection(SolutionConfigurationPlatforms) = preSolution
		Debug|Any CPU = Debug|Any CPU
		Release|Any CPU = Release|Any CPU
	EndGlobalSection
	GlobalSection(ProjectConfigurationPlatforms) = postSolution
		{CCA328A0-0F55-402A-B5DB-9BFD9659C81B}.Debug|Any CPU.ActiveCfg = Debug|Any CPU
		{CCA328A0-0F55-402A-B5DB-9BFD9659C81B}.Debug|Any CPU.Build.0 = Debug|Any CPU
		{CCA328A0-0F55-402A-B5DB-9BFD9659C81B}.Release|Any CPU.ActiveCfg = Release|Any CPU
		{CCA328A0-0F55-402A-B5DB-9BFD9659C81B}.Release|Any CPU.Build.0 = Release|Any CPU
		{0992D5CB-4FAB-4555-A977-BBD786368D26}.Debug|Any CPU.ActiveCfg = Debug|Any CPU
		{0992D5CB-4FAB-4555-A977-BBD786368D26}.Debug|Any CPU.Build.0 = Debug|Any CPU
		{0992D5CB-4FAB-4555-A977-BBD786368D26}.Release|Any CPU.ActiveCfg = Release|Any CPU
		{0992D5CB-4FAB-4555-A977-BBD786368D26}.Release|Any CPU.Build.0 = Release|Any CPU
	EndGlobalSection
	GlobalSection(SolutionProperties) = preSolution
		HideSolutionNode = FALSE
	EndGlobalSection
	GlobalSection(ExtensibilityGlobals) = postSolution
		SolutionGuid = {370E6E8C-48D0-4252-B067-859FF4430B6D}
	EndGlobalSection
EndGlobal
