
Microsoft Visual Studio Solution File, Format Version 12.00
# Visual Studio Version 17
VisualStudioVersion = 17.1.32407.343
MinimumVisualStudioVersion = 10.0.40219.1
Project("{FAE04EC0-301F-11D3-BF4B-00C04F79EFBC}") = "fizzbass", "fizzbass\fizzbass.csproj", "{90F54F28-C874-4984-B806-8EAB8CADE35E}"
EndProject
Global
	GlobalSection(SolutionConfigurationPlatforms) = preSolution
		Debug|Any CPU = Debug|Any CPU
		Release|Any CPU = Release|Any CPU
	EndGlobalSection
	GlobalSection(ProjectConfigurationPlatforms) = postSolution
		{90F54F28-C874-4984-B806-8EAB8CADE35E}.Debug|Any CPU.ActiveCfg = Debug|Any CPU
		{90F54F28-C874-4984-B806-8EAB8CADE35E}.Debug|Any CPU.Build.0 = Debug|Any CPU
		{90F54F28-C874-4984-B806-8EAB8CADE35E}.Release|Any CPU.ActiveCfg = Release|Any CPU
		{90F54F28-C874-4984-B806-8EAB8CADE35E}.Release|Any CPU.Build.0 = Release|Any CPU
	EndGlobalSection
	GlobalSection(SolutionProperties) = preSolution
		HideSolutionNode = FALSE
	EndGlobalSection
	GlobalSection(ExtensibilityGlobals) = postSolution
		SolutionGuid = {5FB835DB-1F59-4765-B002-32EBD7202602}
	EndGlobalSection
EndGlobal
