
Microsoft Visual Studio Solution File, Format Version 12.00
# Visual Studio Version 16
VisualStudioVersion = 16.0.810.22
MinimumVisualStudioVersion = 10.0.40219.1
Project("{FAE04EC0-301F-11D3-BF4B-00C04F79EFBC}") = "Centralita1", "Centralita1.csproj", "{D1E8C258-7183-418D-9D77-48E1B95611D2}"
EndProject
Global
	GlobalSection(SolutionConfigurationPlatforms) = preSolution
		Debug|Any CPU = Debug|Any CPU
		Release|Any CPU = Release|Any CPU
	EndGlobalSection
	GlobalSection(ProjectConfigurationPlatforms) = postSolution
		{D1E8C258-7183-418D-9D77-48E1B95611D2}.Debug|Any CPU.ActiveCfg = Debug|Any CPU
		{D1E8C258-7183-418D-9D77-48E1B95611D2}.Debug|Any CPU.Build.0 = Debug|Any CPU
		{D1E8C258-7183-418D-9D77-48E1B95611D2}.Release|Any CPU.ActiveCfg = Release|Any CPU
		{D1E8C258-7183-418D-9D77-48E1B95611D2}.Release|Any CPU.Build.0 = Release|Any CPU
	EndGlobalSection
	GlobalSection(SolutionProperties) = preSolution
		HideSolutionNode = FALSE
	EndGlobalSection
	GlobalSection(ExtensibilityGlobals) = postSolution
		SolutionGuid = {C7A43C0D-5F1D-4F4F-AB10-50C8A4C362DF}
	EndGlobalSection
EndGlobal
