
Microsoft Visual Studio Solution File, Format Version 12.00
# Visual Studio Version 17
VisualStudioVersion = 17.1.32407.343
MinimumVisualStudioVersion = 10.0.40219.1
Project("{FAE04EC0-301F-11D3-BF4B-00C04F79EFBC}") = "EjecicioC03 (La centralita)", "EjecicioC03 (La centralita)\EjecicioC03 (La centralita).csproj", "{A00EAB2F-8CFE-44A6-8D8C-C2C8945619F2}"
EndProject
Project("{FAE04EC0-301F-11D3-BF4B-00C04F79EFBC}") = "Biblioteca", "Biblioteca\Biblioteca.csproj", "{30D222A2-32EE-4B46-97A2-85ED00F36B17}"
EndProject
Global
	GlobalSection(SolutionConfigurationPlatforms) = preSolution
		Debug|Any CPU = Debug|Any CPU
		Release|Any CPU = Release|Any CPU
	EndGlobalSection
	GlobalSection(ProjectConfigurationPlatforms) = postSolution
		{A00EAB2F-8CFE-44A6-8D8C-C2C8945619F2}.Debug|Any CPU.ActiveCfg = Debug|Any CPU
		{A00EAB2F-8CFE-44A6-8D8C-C2C8945619F2}.Debug|Any CPU.Build.0 = Debug|Any CPU
		{A00EAB2F-8CFE-44A6-8D8C-C2C8945619F2}.Release|Any CPU.ActiveCfg = Release|Any CPU
		{A00EAB2F-8CFE-44A6-8D8C-C2C8945619F2}.Release|Any CPU.Build.0 = Release|Any CPU
		{30D222A2-32EE-4B46-97A2-85ED00F36B17}.Debug|Any CPU.ActiveCfg = Debug|Any CPU
		{30D222A2-32EE-4B46-97A2-85ED00F36B17}.Debug|Any CPU.Build.0 = Debug|Any CPU
		{30D222A2-32EE-4B46-97A2-85ED00F36B17}.Release|Any CPU.ActiveCfg = Release|Any CPU
		{30D222A2-32EE-4B46-97A2-85ED00F36B17}.Release|Any CPU.Build.0 = Release|Any CPU
	EndGlobalSection
	GlobalSection(SolutionProperties) = preSolution
		HideSolutionNode = FALSE
	EndGlobalSection
	GlobalSection(ExtensibilityGlobals) = postSolution
		SolutionGuid = {AA2CC9F2-E563-4C92-B8CC-8B0453B4BD80}
	EndGlobalSection
EndGlobal
