
Microsoft Visual Studio Solution File, Format Version 12.00
# Visual Studio Version 16
VisualStudioVersion = 16.0.810.21
MinimumVisualStudioVersion = 10.0.40219.1
Project("{FAE04EC0-301F-11D3-BF4B-00C04F79EFBC}") = "ejercicio6", "ejercicio6.csproj", "{437914E1-9505-4739-8FDD-C9150B0ABFC9}"
EndProject
Global
	GlobalSection(SolutionConfigurationPlatforms) = preSolution
		Debug|Any CPU = Debug|Any CPU
		Release|Any CPU = Release|Any CPU
	EndGlobalSection
	GlobalSection(ProjectConfigurationPlatforms) = postSolution
		{437914E1-9505-4739-8FDD-C9150B0ABFC9}.Debug|Any CPU.ActiveCfg = Debug|Any CPU
		{437914E1-9505-4739-8FDD-C9150B0ABFC9}.Debug|Any CPU.Build.0 = Debug|Any CPU
		{437914E1-9505-4739-8FDD-C9150B0ABFC9}.Release|Any CPU.ActiveCfg = Release|Any CPU
		{437914E1-9505-4739-8FDD-C9150B0ABFC9}.Release|Any CPU.Build.0 = Release|Any CPU
	EndGlobalSection
	GlobalSection(SolutionProperties) = preSolution
		HideSolutionNode = FALSE
	EndGlobalSection
	GlobalSection(ExtensibilityGlobals) = postSolution
		SolutionGuid = {B4B3E01F-E876-4537-98AB-2AE20465F178}
	EndGlobalSection
EndGlobal
