
Microsoft Visual Studio Solution File, Format Version 12.00
# Visual Studio Version 16
VisualStudioVersion = 16.0.810.22
MinimumVisualStudioVersion = 10.0.40219.1
Project("{FAE04EC0-301F-11D3-BF4B-00C04F79EFBC}") = "CentralTelefonica", "CentralTelefonica.csproj", "{4C3A1E6C-FE49-47D4-A7F3-149F5B4D4E72}"
EndProject
Project("{FAE04EC0-301F-11D3-BF4B-00C04F79EFBC}") = "Centralita", "Centralita\Centralita.csproj", "{391CD47B-7DAA-486A-B44D-F5C3F8575034}"
EndProject
Project("{FAE04EC0-301F-11D3-BF4B-00C04F79EFBC}") = "Centralita2", "Centralita2\Centralita2.csproj", "{447176FA-7973-44CB-82D9-CA94B2069D3D}"
EndProject
Global
	GlobalSection(SolutionConfigurationPlatforms) = preSolution
		Debug|anycpu = Debug|anycpu
		Release|anycpu = Release|anycpu
	EndGlobalSection
	GlobalSection(ProjectConfigurationPlatforms) = postSolution
		{4C3A1E6C-FE49-47D4-A7F3-149F5B4D4E72}.Debug|anycpu.ActiveCfg = Debug|anycpu
		{4C3A1E6C-FE49-47D4-A7F3-149F5B4D4E72}.Debug|anycpu.Build.0 = Debug|anycpu
		{4C3A1E6C-FE49-47D4-A7F3-149F5B4D4E72}.Release|anycpu.ActiveCfg = Release|anycpu
		{4C3A1E6C-FE49-47D4-A7F3-149F5B4D4E72}.Release|anycpu.Build.0 = Release|anycpu
		{391CD47B-7DAA-486A-B44D-F5C3F8575034}.Debug|anycpu.ActiveCfg = Debug|Any CPU
		{391CD47B-7DAA-486A-B44D-F5C3F8575034}.Debug|anycpu.Build.0 = Debug|Any CPU
		{391CD47B-7DAA-486A-B44D-F5C3F8575034}.Release|anycpu.ActiveCfg = Release|Any CPU
		{391CD47B-7DAA-486A-B44D-F5C3F8575034}.Release|anycpu.Build.0 = Release|Any CPU
		{447176FA-7973-44CB-82D9-CA94B2069D3D}.Debug|anycpu.ActiveCfg = Debug|Any CPU
		{447176FA-7973-44CB-82D9-CA94B2069D3D}.Debug|anycpu.Build.0 = Debug|Any CPU
		{447176FA-7973-44CB-82D9-CA94B2069D3D}.Release|anycpu.ActiveCfg = Release|Any CPU
		{447176FA-7973-44CB-82D9-CA94B2069D3D}.Release|anycpu.Build.0 = Release|Any CPU
	EndGlobalSection
	GlobalSection(SolutionProperties) = preSolution
		HideSolutionNode = FALSE
	EndGlobalSection
	GlobalSection(ExtensibilityGlobals) = postSolution
		SolutionGuid = {DF1A2271-F96D-4541-BA8F-86D2AFABDF0B}
	EndGlobalSection
EndGlobal
