
Microsoft Visual Studio Solution File, Format Version 12.00
# Visual Studio Version 17
VisualStudioVersion = 17.2.32526.322
MinimumVisualStudioVersion = 10.0.40219.1
Project("{FAE04EC0-301F-11D3-BF4B-00C04F79EFBC}") = "Simulador de atencion a cliente I02", "Simulador de atencion a cliente I02\Simulador de atencion a cliente I02.csproj", "{1851B715-1D3D-4633-BE7D-48D3FE80D8B4}"
EndProject
Project("{FAE04EC0-301F-11D3-BF4B-00C04F79EFBC}") = "Biblioteca", "Biblioteca\Biblioteca.csproj", "{0243F14A-CBBF-4764-8CEB-13CF6C99D19D}"
EndProject
Global
	GlobalSection(SolutionConfigurationPlatforms) = preSolution
		Debug|Any CPU = Debug|Any CPU
		Release|Any CPU = Release|Any CPU
	EndGlobalSection
	GlobalSection(ProjectConfigurationPlatforms) = postSolution
		{1851B715-1D3D-4633-BE7D-48D3FE80D8B4}.Debug|Any CPU.ActiveCfg = Debug|Any CPU
		{1851B715-1D3D-4633-BE7D-48D3FE80D8B4}.Debug|Any CPU.Build.0 = Debug|Any CPU
		{1851B715-1D3D-4633-BE7D-48D3FE80D8B4}.Release|Any CPU.ActiveCfg = Release|Any CPU
		{1851B715-1D3D-4633-BE7D-48D3FE80D8B4}.Release|Any CPU.Build.0 = Release|Any CPU
		{0243F14A-CBBF-4764-8CEB-13CF6C99D19D}.Debug|Any CPU.ActiveCfg = Debug|Any CPU
		{0243F14A-CBBF-4764-8CEB-13CF6C99D19D}.Debug|Any CPU.Build.0 = Debug|Any CPU
		{0243F14A-CBBF-4764-8CEB-13CF6C99D19D}.Release|Any CPU.ActiveCfg = Release|Any CPU
		{0243F14A-CBBF-4764-8CEB-13CF6C99D19D}.Release|Any CPU.Build.0 = Release|Any CPU
	EndGlobalSection
	GlobalSection(SolutionProperties) = preSolution
		HideSolutionNode = FALSE
	EndGlobalSection
	GlobalSection(ExtensibilityGlobals) = postSolution
		SolutionGuid = {0269106B-0325-420E-8400-0AFE2166031C}
	EndGlobalSection
EndGlobal
